
Microsoft Visual Studio Solution File, Format Version 12.00
# Visual Studio Version 17
<<<<<<< Updated upstream
VisualStudioVersion = 17.14.36414.22
=======
VisualStudioVersion = 17.14.36414.22 d17.14
>>>>>>> Stashed changes
MinimumVisualStudioVersion = 10.0.40219.1
Project("{FAE04EC0-301F-11D3-BF4B-00C04F79EFBC}") = "CarsService.API", "CarsService.API\CarsService.API.csproj", "{51F4CF23-7ED6-4F64-9A41-25022B00B08C}"
EndProject
Project("{FAE04EC0-301F-11D3-BF4B-00C04F79EFBC}") = "CarsService.Application", "CarsService.Application\CarsService.Application.csproj", "{0E367D46-8EB7-4168-B9CE-76D680CC2916}"
EndProject
Project("{FAE04EC0-301F-11D3-BF4B-00C04F79EFBC}") = "CarsService.Infrastructure", "CarsService.Infrastructure\CarsService.Infrastructure.csproj", "{EB05CDCA-1E9A-4D1A-83C2-51BD65110C81}"
EndProject
Global
	GlobalSection(SolutionConfigurationPlatforms) = preSolution
		Debug|Any CPU = Debug|Any CPU
		Release|Any CPU = Release|Any CPU
	EndGlobalSection
	GlobalSection(ProjectConfigurationPlatforms) = postSolution
		{51F4CF23-7ED6-4F64-9A41-25022B00B08C}.Debug|Any CPU.ActiveCfg = Debug|Any CPU
		{51F4CF23-7ED6-4F64-9A41-25022B00B08C}.Debug|Any CPU.Build.0 = Debug|Any CPU
		{51F4CF23-7ED6-4F64-9A41-25022B00B08C}.Release|Any CPU.ActiveCfg = Release|Any CPU
		{51F4CF23-7ED6-4F64-9A41-25022B00B08C}.Release|Any CPU.Build.0 = Release|Any CPU
		{0E367D46-8EB7-4168-B9CE-76D680CC2916}.Debug|Any CPU.ActiveCfg = Debug|Any CPU
		{0E367D46-8EB7-4168-B9CE-76D680CC2916}.Debug|Any CPU.Build.0 = Debug|Any CPU
		{0E367D46-8EB7-4168-B9CE-76D680CC2916}.Release|Any CPU.ActiveCfg = Release|Any CPU
		{0E367D46-8EB7-4168-B9CE-76D680CC2916}.Release|Any CPU.Build.0 = Release|Any CPU
		{EB05CDCA-1E9A-4D1A-83C2-51BD65110C81}.Debug|Any CPU.ActiveCfg = Debug|Any CPU
		{EB05CDCA-1E9A-4D1A-83C2-51BD65110C81}.Debug|Any CPU.Build.0 = Debug|Any CPU
		{EB05CDCA-1E9A-4D1A-83C2-51BD65110C81}.Release|Any CPU.ActiveCfg = Release|Any CPU
		{EB05CDCA-1E9A-4D1A-83C2-51BD65110C81}.Release|Any CPU.Build.0 = Release|Any CPU
	EndGlobalSection
	GlobalSection(SolutionProperties) = preSolution
		HideSolutionNode = FALSE
	EndGlobalSection
	GlobalSection(ExtensibilityGlobals) = postSolution
		SolutionGuid = {62A89A62-781A-4D9F-B48C-C218B697C308}
	EndGlobalSection
EndGlobal
